
Microsoft Visual Studio Solution File, Format Version 12.00
# Visual Studio Version 16
VisualStudioVersion = 16.0.29102.190
MinimumVisualStudioVersion = 10.0.40219.1
Project("{FAE04EC0-301F-11D3-BF4B-00C04F79EFBC}") = "StreamingScreenshotsSender", "StreamingScreenshotsSender\StreamingScreenshotsSender.csproj", "{A01ABE84-403E-4667-8285-5EBCFCA2E116}"
EndProject
Project("{FAE04EC0-301F-11D3-BF4B-00C04F79EFBC}") = "StreamingScreenshotsReceiver", "StreamingScreenshotsReceiver\StreamingScreenshotsReceiver.csproj", "{E30D4EFF-97FD-4C0C-88FF-F147B6AA019B}"
EndProject
Global
	GlobalSection(SolutionConfigurationPlatforms) = preSolution
		Debug|Any CPU = Debug|Any CPU
		Release|Any CPU = Release|Any CPU
	EndGlobalSection
	GlobalSection(ProjectConfigurationPlatforms) = postSolution
		{A01ABE84-403E-4667-8285-5EBCFCA2E116}.Debug|Any CPU.ActiveCfg = Debug|Any CPU
		{A01ABE84-403E-4667-8285-5EBCFCA2E116}.Debug|Any CPU.Build.0 = Debug|Any CPU
		{A01ABE84-403E-4667-8285-5EBCFCA2E116}.Release|Any CPU.ActiveCfg = Release|Any CPU
		{A01ABE84-403E-4667-8285-5EBCFCA2E116}.Release|Any CPU.Build.0 = Release|Any CPU
		{E30D4EFF-97FD-4C0C-88FF-F147B6AA019B}.Debug|Any CPU.ActiveCfg = Debug|Any CPU
		{E30D4EFF-97FD-4C0C-88FF-F147B6AA019B}.Debug|Any CPU.Build.0 = Debug|Any CPU
		{E30D4EFF-97FD-4C0C-88FF-F147B6AA019B}.Release|Any CPU.ActiveCfg = Release|Any CPU
		{E30D4EFF-97FD-4C0C-88FF-F147B6AA019B}.Release|Any CPU.Build.0 = Release|Any CPU
	EndGlobalSection
	GlobalSection(SolutionProperties) = preSolution
		HideSolutionNode = FALSE
	EndGlobalSection
	GlobalSection(ExtensibilityGlobals) = postSolution
		SolutionGuid = {B599B820-0679-454D-AA4F-727C78B23AAC}
	EndGlobalSection
EndGlobal
